
Microsoft Visual Studio Solution File, Format Version 12.00
# Visual Studio Version 16
VisualStudioVersion = 16.0.33801.447
MinimumVisualStudioVersion = 10.0.40219.1
Project("{FAE04EC0-301F-11D3-BF4B-00C04F79EFBC}") = "loginlogout", "loginlogout\loginlogout.csproj", "{9E18EC69-A620-4B21-AA3C-D3375DE9C897}"
EndProject
Global
	GlobalSection(SolutionConfigurationPlatforms) = preSolution
		Debug|Any CPU = Debug|Any CPU
		Release|Any CPU = Release|Any CPU
	EndGlobalSection
	GlobalSection(ProjectConfigurationPlatforms) = postSolution
		{9E18EC69-A620-4B21-AA3C-D3375DE9C897}.Debug|Any CPU.ActiveCfg = Debug|Any CPU
		{9E18EC69-A620-4B21-AA3C-D3375DE9C897}.Debug|Any CPU.Build.0 = Debug|Any CPU
		{9E18EC69-A620-4B21-AA3C-D3375DE9C897}.Release|Any CPU.ActiveCfg = Release|Any CPU
		{9E18EC69-A620-4B21-AA3C-D3375DE9C897}.Release|Any CPU.Build.0 = Release|Any CPU
	EndGlobalSection
	GlobalSection(SolutionProperties) = preSolution
		HideSolutionNode = FALSE
	EndGlobalSection
	GlobalSection(ExtensibilityGlobals) = postSolution
		SolutionGuid = {29AB650D-079A-421D-A5FD-FE1180870AB1}
	EndGlobalSection
EndGlobal
